
Microsoft Visual Studio Solution File, Format Version 12.00
# Visual Studio 14
VisualStudioVersion = 14.0.24720.0
MinimumVisualStudioVersion = 10.0.40219.1
Project("{FAE04EC0-301F-11D3-BF4B-00C04F79EFBC}") = "VirtualPet", "VirtualPet\VirtualPet.csproj", "{0EED9B29-96C4-4D74-94C7-811F3A2D210B}"
EndProject
Global
	GlobalSection(SolutionConfigurationPlatforms) = preSolution
		Debug|Any CPU = Debug|Any CPU
		Release|Any CPU = Release|Any CPU
	EndGlobalSection
	GlobalSection(ProjectConfigurationPlatforms) = postSolution
		{0EED9B29-96C4-4D74-94C7-811F3A2D210B}.Debug|Any CPU.ActiveCfg = Debug|Any CPU
		{0EED9B29-96C4-4D74-94C7-811F3A2D210B}.Debug|Any CPU.Build.0 = Debug|Any CPU
		{0EED9B29-96C4-4D74-94C7-811F3A2D210B}.Release|Any CPU.ActiveCfg = Release|Any CPU
		{0EED9B29-96C4-4D74-94C7-811F3A2D210B}.Release|Any CPU.Build.0 = Release|Any CPU
	EndGlobalSection
	GlobalSection(SolutionProperties) = preSolution
		HideSolutionNode = FALSE
	EndGlobalSection
EndGlobal
